<Solution>
  <Folder Name="/Ans.Net10/">
    <File Path=".gitattributes" />
    <File Path=".gitignore" />
    <File Path="LICENSE" />
    <File Path="README.md" />
    <File Path="_docs/docfx.json" />
  </Folder>
  <Project Path="Ans.Net10.CMS/Ans.Net10.CMS.csproj" Id="54575d76-471a-4a5e-8d74-453fb76e6814" />
  <Project Path="Ans.Net10.Common/Ans.Net10.Common.csproj" />
  <Project Path="Ans.Net10.Images/Ans.Net10.Images.csproj" Id="dbb5d3e5-7981-4857-a7d4-d3405c117cbd" />
  <Project Path="Ans.Net10.Psql/Ans.Net10.Psql.csproj" Id="946904c0-933e-41ed-92ef-3dada53de89e" />
  <Project Path="Ans.Net10.Web/Ans.Net10.Web.csproj" Id="cb9e22c5-b7db-413b-bec5-177a04f95673" />
</Solution>
